# THIS IS AN AUTOGENERATED FILE. DO NOT EDIT THIS FILE DIRECTLY.
# yarn lockfile v1


pnpm@^8.6.3:
  version "8.15.3"
  resolved "https://registry.yarnpkg.com/pnpm/-/pnpm-8.15.3.tgz#64838798f519c18029c1e8a1310e16101fc2eda0"
  integrity sha512-3YXNbspkF8b3PbMroetHZ/+0y6T1vwcnhGciyStrnlaizCGLEThbvCsh8YoWpn2nes6um2Gg9WoWQ7JeH7amBQ==
